
Microsoft Visual Studio Solution File, Format Version 12.00
# Visual Studio Version 16
VisualStudioVersion = 16.0.30804.86
MinimumVisualStudioVersion = 10.0.40219.1
Project("{8BC9CEB8-8B4A-11D0-8D11-00A0C91BC942}") = "MyOpenVINO", "MyOpenVINO\MyOpenVINO.vcxproj", "{4C7EADB5-C4A8-4B7E-ACEA-5942BF4A37C7}"
EndProject
Project("{8BC9CEB8-8B4A-11D0-8D11-00A0C91BC942}") = "OpenVINOAppCpp", "OpenVINOAppCpp\OpenVINOAppCpp.vcxproj", "{7F17F2A9-1A58-40AC-A715-CE70A3967FA9}"
EndProject
Project("{FAE04EC0-301F-11D3-BF4B-00C04F79EFBC}") = "OpenVINOAppNet", "OpenVINOAppNet\OpenVINOAppNet.csproj", "{D617720D-5ABF-4FDD-AE1F-F863BD39C11F}"
EndProject
Global
	GlobalSection(SolutionConfigurationPlatforms) = preSolution
		Debug|x64 = Debug|x64
		Release|x64 = Release|x64
	EndGlobalSection
	GlobalSection(ProjectConfigurationPlatforms) = postSolution
		{4C7EADB5-C4A8-4B7E-ACEA-5942BF4A37C7}.Debug|x64.ActiveCfg = Debug|x64
		{4C7EADB5-C4A8-4B7E-ACEA-5942BF4A37C7}.Debug|x64.Build.0 = Debug|x64
		{4C7EADB5-C4A8-4B7E-ACEA-5942BF4A37C7}.Release|x64.ActiveCfg = Release|x64
		{4C7EADB5-C4A8-4B7E-ACEA-5942BF4A37C7}.Release|x64.Build.0 = Release|x64
		{7F17F2A9-1A58-40AC-A715-CE70A3967FA9}.Debug|x64.ActiveCfg = Debug|x64
		{7F17F2A9-1A58-40AC-A715-CE70A3967FA9}.Debug|x64.Build.0 = Debug|x64
		{7F17F2A9-1A58-40AC-A715-CE70A3967FA9}.Release|x64.ActiveCfg = Release|x64
		{7F17F2A9-1A58-40AC-A715-CE70A3967FA9}.Release|x64.Build.0 = Release|x64
		{D617720D-5ABF-4FDD-AE1F-F863BD39C11F}.Debug|x64.ActiveCfg = Debug|x64
		{D617720D-5ABF-4FDD-AE1F-F863BD39C11F}.Debug|x64.Build.0 = Debug|x64
		{D617720D-5ABF-4FDD-AE1F-F863BD39C11F}.Release|x64.ActiveCfg = Release|Any CPU
		{D617720D-5ABF-4FDD-AE1F-F863BD39C11F}.Release|x64.Build.0 = Release|Any CPU
	EndGlobalSection
	GlobalSection(SolutionProperties) = preSolution
		HideSolutionNode = FALSE
	EndGlobalSection
	GlobalSection(ExtensibilityGlobals) = postSolution
		SolutionGuid = {9AEADE08-D229-4A13-A50D-EEA1155E6397}
	EndGlobalSection
EndGlobal
